// !$*UTF8*$!
{
	archiveVersion = 1;
	classes = {
	};
	objectVersion = 56;
	objects = {

/* Begin PBXBuildFile section */
		784360912A44A9C8009962D5 /* AppDelegate.swift in Sources */ = {isa = PBXBuildFile; fileRef = 784360902A44A9C8009962D5 /* AppDelegate.swift */; };
		784360932A44A9C8009962D5 /* SceneDelegate.swift in Sources */ = {isa = PBXBuildFile; fileRef = 784360922A44A9C8009962D5 /* SceneDelegate.swift */; };
		784360952A44A9C8009962D5 /* ViewController.swift in Sources */ = {isa = PBXBuildFile; fileRef = 784360942A44A9C8009962D5 /* ViewController.swift */; };
		7843609A2A44A9C9009962D5 /* Assets.xcassets in Resources */ = {isa = PBXBuildFile; fileRef = 784360992A44A9C9009962D5 /* Assets.xcassets */; };
		7843609D2A44A9C9009962D5 /* LaunchScreen.storyboard in Resources */ = {isa = PBXBuildFile; fileRef = 7843609B2A44A9C9009962D5 /* LaunchScreen.storyboard */; };
		784360A82A44A9C9009962D5 /* TravelAppTests.swift in Sources */ = {isa = PBXBuildFile; fileRef = 784360A72A44A9C9009962D5 /* TravelAppTests.swift */; };
		784360B22A44A9C9009962D5 /* TravelAppUITests.swift in Sources */ = {isa = PBXBuildFile; fileRef = 784360B12A44A9C9009962D5 /* TravelAppUITests.swift */; };
		784360B42A44A9C9009962D5 /* TravelAppUITestsLaunchTests.swift in Sources */ = {isa = PBXBuildFile; fileRef = 784360B32A44A9C9009962D5 /* TravelAppUITestsLaunchTests.swift */; };
		784360C92A44B32A009962D5 /* DataRequest.swift in Sources */ = {isa = PBXBuildFile; fileRef = 784360C82A44B32A009962D5 /* DataRequest.swift */; };
		784360CB2A44B333009962D5 /* Endpoint.swift in Sources */ = {isa = PBXBuildFile; fileRef = 784360CA2A44B333009962D5 /* Endpoint.swift */; };
		784360CD2A44B33E009962D5 /* ErrorResponse.swift in Sources */ = {isa = PBXBuildFile; fileRef = 784360CC2A44B33E009962D5 /* ErrorResponse.swift */; };
		784360CF2A44B34A009962D5 /* HTTPMethod.swift in Sources */ = {isa = PBXBuildFile; fileRef = 784360CE2A44B34A009962D5 /* HTTPMethod.swift */; };
		784360D22A44B368009962D5 /* NetworkService.swift in Sources */ = {isa = PBXBuildFile; fileRef = 784360D12A44B368009962D5 /* NetworkService.swift */; };
		784360D52A44B49D009962D5 /* APIRequest.swift in Sources */ = {isa = PBXBuildFile; fileRef = 784360D42A44B49D009962D5 /* APIRequest.swift */; };
		784360D72A44B6D7009962D5 /* TravelRequest.swift in Sources */ = {isa = PBXBuildFile; fileRef = 784360D62A44B6D7009962D5 /* TravelRequest.swift */; };
		784360D92A44BB43009962D5 /* HotelModel.swift in Sources */ = {isa = PBXBuildFile; fileRef = 784360D82A44BB43009962D5 /* HotelModel.swift */; };
		784360DC2A45BA23009962D5 /* RestaurantModel.swift in Sources */ = {isa = PBXBuildFile; fileRef = 784360DB2A45BA23009962D5 /* RestaurantModel.swift */; };
		784360DE2A45BF1E009962D5 /* AttractionModel.swift in Sources */ = {isa = PBXBuildFile; fileRef = 784360DD2A45BF1E009962D5 /* AttractionModel.swift */; };
		784360E12A45C60B009962D5 /* WeatherRequest.swift in Sources */ = {isa = PBXBuildFile; fileRef = 784360E02A45C60B009962D5 /* WeatherRequest.swift */; };
		784360E42A45C66F009962D5 /* WeatherModel.swift in Sources */ = {isa = PBXBuildFile; fileRef = 784360E32A45C66F009962D5 /* WeatherModel.swift */; };
/* End PBXBuildFile section */

/* Begin PBXContainerItemProxy section */
		784360A42A44A9C9009962D5 /* PBXContainerItemProxy */ = {
			isa = PBXContainerItemProxy;
			containerPortal = 784360852A44A9C8009962D5 /* Project object */;
			proxyType = 1;
			remoteGlobalIDString = 7843608C2A44A9C8009962D5;
			remoteInfo = TravelApp;
		};
		784360AE2A44A9C9009962D5 /* PBXContainerItemProxy */ = {
			isa = PBXContainerItemProxy;
			containerPortal = 784360852A44A9C8009962D5 /* Project object */;
			proxyType = 1;
			remoteGlobalIDString = 7843608C2A44A9C8009962D5;
			remoteInfo = TravelApp;
		};
/* End PBXContainerItemProxy section */

/* Begin PBXFileReference section */
		7843608D2A44A9C8009962D5 /* TravelApp.app */ = {isa = PBXFileReference; explicitFileType = wrapper.application; includeInIndex = 0; path = TravelApp.app; sourceTree = BUILT_PRODUCTS_DIR; };
		784360902A44A9C8009962D5 /* AppDelegate.swift */ = {isa = PBXFileReference; lastKnownFileType = sourcecode.swift; path = AppDelegate.swift; sourceTree = "<group>"; };
		784360922A44A9C8009962D5 /* SceneDelegate.swift */ = {isa = PBXFileReference; lastKnownFileType = sourcecode.swift; path = SceneDelegate.swift; sourceTree = "<group>"; };
		784360942A44A9C8009962D5 /* ViewController.swift */ = {isa = PBXFileReference; lastKnownFileType = sourcecode.swift; path = ViewController.swift; sourceTree = "<group>"; };
		784360992A44A9C9009962D5 /* Assets.xcassets */ = {isa = PBXFileReference; lastKnownFileType = folder.assetcatalog; path = Assets.xcassets; sourceTree = "<group>"; };
		7843609C2A44A9C9009962D5 /* Base */ = {isa = PBXFileReference; lastKnownFileType = file.storyboard; name = Base; path = Base.lproj/LaunchScreen.storyboard; sourceTree = "<group>"; };
		7843609E2A44A9C9009962D5 /* Info.plist */ = {isa = PBXFileReference; lastKnownFileType = text.plist.xml; path = Info.plist; sourceTree = "<group>"; };
		784360A32A44A9C9009962D5 /* TravelAppTests.xctest */ = {isa = PBXFileReference; explicitFileType = wrapper.cfbundle; includeInIndex = 0; path = TravelAppTests.xctest; sourceTree = BUILT_PRODUCTS_DIR; };
		784360A72A44A9C9009962D5 /* TravelAppTests.swift */ = {isa = PBXFileReference; lastKnownFileType = sourcecode.swift; path = TravelAppTests.swift; sourceTree = "<group>"; };
		784360AD2A44A9C9009962D5 /* TravelAppUITests.xctest */ = {isa = PBXFileReference; explicitFileType = wrapper.cfbundle; includeInIndex = 0; path = TravelAppUITests.xctest; sourceTree = BUILT_PRODUCTS_DIR; };
		784360B12A44A9C9009962D5 /* TravelAppUITests.swift */ = {isa = PBXFileReference; lastKnownFileType = sourcecode.swift; path = TravelAppUITests.swift; sourceTree = "<group>"; };
		784360B32A44A9C9009962D5 /* TravelAppUITestsLaunchTests.swift */ = {isa = PBXFileReference; lastKnownFileType = sourcecode.swift; path = TravelAppUITestsLaunchTests.swift; sourceTree = "<group>"; };
		784360C82A44B32A009962D5 /* DataRequest.swift */ = {isa = PBXFileReference; lastKnownFileType = sourcecode.swift; path = DataRequest.swift; sourceTree = "<group>"; };
		784360CA2A44B333009962D5 /* Endpoint.swift */ = {isa = PBXFileReference; lastKnownFileType = sourcecode.swift; path = Endpoint.swift; sourceTree = "<group>"; };
		784360CC2A44B33E009962D5 /* ErrorResponse.swift */ = {isa = PBXFileReference; lastKnownFileType = sourcecode.swift; path = ErrorResponse.swift; sourceTree = "<group>"; };
		784360CE2A44B34A009962D5 /* HTTPMethod.swift */ = {isa = PBXFileReference; lastKnownFileType = sourcecode.swift; path = HTTPMethod.swift; sourceTree = "<group>"; };
		784360D12A44B368009962D5 /* NetworkService.swift */ = {isa = PBXFileReference; lastKnownFileType = sourcecode.swift; path = NetworkService.swift; sourceTree = "<group>"; };
		784360D42A44B49D009962D5 /* APIRequest.swift */ = {isa = PBXFileReference; lastKnownFileType = sourcecode.swift; path = APIRequest.swift; sourceTree = "<group>"; };
		784360D62A44B6D7009962D5 /* TravelRequest.swift */ = {isa = PBXFileReference; lastKnownFileType = sourcecode.swift; path = TravelRequest.swift; sourceTree = "<group>"; };
		784360D82A44BB43009962D5 /* HotelModel.swift */ = {isa = PBXFileReference; lastKnownFileType = sourcecode.swift; path = HotelModel.swift; sourceTree = "<group>"; };
		784360DB2A45BA23009962D5 /* RestaurantModel.swift */ = {isa = PBXFileReference; lastKnownFileType = sourcecode.swift; path = RestaurantModel.swift; sourceTree = "<group>"; };
		784360DD2A45BF1E009962D5 /* AttractionModel.swift */ = {isa = PBXFileReference; lastKnownFileType = sourcecode.swift; path = AttractionModel.swift; sourceTree = "<group>"; };
		784360E02A45C60B009962D5 /* WeatherRequest.swift */ = {isa = PBXFileReference; lastKnownFileType = sourcecode.swift; path = WeatherRequest.swift; sourceTree = "<group>"; };
		784360E32A45C66F009962D5 /* WeatherModel.swift */ = {isa = PBXFileReference; lastKnownFileType = sourcecode.swift; path = WeatherModel.swift; sourceTree = "<group>"; };
/* End PBXFileReference section */

/* Begin PBXFrameworksBuildPhase section */
		7843608A2A44A9C8009962D5 /* Frameworks */ = {
			isa = PBXFrameworksBuildPhase;
			buildActionMask = 2147483647;
			files = (
			);
			runOnlyForDeploymentPostprocessing = 0;
		};
		784360A02A44A9C9009962D5 /* Frameworks */ = {
			isa = PBXFrameworksBuildPhase;
			buildActionMask = 2147483647;
			files = (
			);
			runOnlyForDeploymentPostprocessing = 0;
		};
		784360AA2A44A9C9009962D5 /* Frameworks */ = {
			isa = PBXFrameworksBuildPhase;
			buildActionMask = 2147483647;
			files = (
			);
			runOnlyForDeploymentPostprocessing = 0;
		};
/* End PBXFrameworksBuildPhase section */

/* Begin PBXGroup section */
		784360842A44A9C8009962D5 = {
			isa = PBXGroup;
			children = (
				7843608F2A44A9C8009962D5 /* TravelApp */,
				784360A62A44A9C9009962D5 /* TravelAppTests */,
				784360B02A44A9C9009962D5 /* TravelAppUITests */,
				7843608E2A44A9C8009962D5 /* Products */,
			);
			sourceTree = "<group>";
		};
		7843608E2A44A9C8009962D5 /* Products */ = {
			isa = PBXGroup;
			children = (
				7843608D2A44A9C8009962D5 /* TravelApp.app */,
				784360A32A44A9C9009962D5 /* TravelAppTests.xctest */,
				784360AD2A44A9C9009962D5 /* TravelAppUITests.xctest */,
			);
			name = Products;
			sourceTree = "<group>";
		};
		7843608F2A44A9C8009962D5 /* TravelApp */ = {
			isa = PBXGroup;
			children = (
				784360C02A44AA7A009962D5 /* App */,
				784360C12A44AA7F009962D5 /* Screens */,
			);
			path = TravelApp;
			sourceTree = "<group>";
		};
		784360A62A44A9C9009962D5 /* TravelAppTests */ = {
			isa = PBXGroup;
			children = (
				784360A72A44A9C9009962D5 /* TravelAppTests.swift */,
			);
			path = TravelAppTests;
			sourceTree = "<group>";
		};
		784360B02A44A9C9009962D5 /* TravelAppUITests */ = {
			isa = PBXGroup;
			children = (
				784360B12A44A9C9009962D5 /* TravelAppUITests.swift */,
				784360B32A44A9C9009962D5 /* TravelAppUITestsLaunchTests.swift */,
			);
			path = TravelAppUITests;
			sourceTree = "<group>";
		};
		784360C02A44AA7A009962D5 /* App */ = {
			isa = PBXGroup;
			children = (
				784360C62A44B2EA009962D5 /* Core */,
				784360C52A44AAA9009962D5 /* Views */,
				784360C42A44AAA3009962D5 /* Assets */,
				784360C32A44AA94009962D5 /* Plists */,
				784360C22A44AA8F009962D5 /* Delegates */,
			);
			path = App;
			sourceTree = "<group>";
		};
		784360C12A44AA7F009962D5 /* Screens */ = {
			isa = PBXGroup;
			children = (
				784360DA2A45B9F4009962D5 /* Models */,
				784360942A44A9C8009962D5 /* ViewController.swift */,
			);
			path = Screens;
			sourceTree = "<group>";
		};
		784360C22A44AA8F009962D5 /* Delegates */ = {
			isa = PBXGroup;
			children = (
				784360922A44A9C8009962D5 /* SceneDelegate.swift */,
				784360902A44A9C8009962D5 /* AppDelegate.swift */,
			);
			path = Delegates;
			sourceTree = "<group>";
		};
		784360C32A44AA94009962D5 /* Plists */ = {
			isa = PBXGroup;
			children = (
				7843609E2A44A9C9009962D5 /* Info.plist */,
			);
			path = Plists;
			sourceTree = "<group>";
		};
		784360C42A44AAA3009962D5 /* Assets */ = {
			isa = PBXGroup;
			children = (
				784360992A44A9C9009962D5 /* Assets.xcassets */,
			);
			path = Assets;
			sourceTree = "<group>";
		};
		784360C52A44AAA9009962D5 /* Views */ = {
			isa = PBXGroup;
			children = (
				7843609B2A44A9C9009962D5 /* LaunchScreen.storyboard */,
			);
			path = Views;
			sourceTree = "<group>";
		};
		784360C62A44B2EA009962D5 /* Core */ = {
			isa = PBXGroup;
			children = (
				784360C72A44B2F0009962D5 /* Network */,
			);
			path = Core;
			sourceTree = "<group>";
		};
		784360C72A44B2F0009962D5 /* Network */ = {
			isa = PBXGroup;
			children = (
				784360D32A44B492009962D5 /* Requests */,
				784360D02A44B35B009962D5 /* Services */,
				784360C82A44B32A009962D5 /* DataRequest.swift */,
				784360CA2A44B333009962D5 /* Endpoint.swift */,
				784360CC2A44B33E009962D5 /* ErrorResponse.swift */,
				784360CE2A44B34A009962D5 /* HTTPMethod.swift */,
			);
			path = Network;
			sourceTree = "<group>";
		};
		784360D02A44B35B009962D5 /* Services */ = {
			isa = PBXGroup;
			children = (
				784360D12A44B368009962D5 /* NetworkService.swift */,
			);
			path = Services;
			sourceTree = "<group>";
		};
		784360D32A44B492009962D5 /* Requests */ = {
			isa = PBXGroup;
			children = (
				784360D42A44B49D009962D5 /* APIRequest.swift */,
				784360D62A44B6D7009962D5 /* TravelRequest.swift */,
				784360E02A45C60B009962D5 /* WeatherRequest.swift */,
			);
			path = Requests;
			sourceTree = "<group>";
		};
		784360DA2A45B9F4009962D5 /* Models */ = {
			isa = PBXGroup;
			children = (
				784360E22A45C663009962D5 /* WeatherModels */,
				784360DF2A45C1AC009962D5 /* TravelModels */,
			);
			path = Models;
			sourceTree = "<group>";
		};
		784360DF2A45C1AC009962D5 /* TravelModels */ = {
			isa = PBXGroup;
			children = (
				784360DD2A45BF1E009962D5 /* AttractionModel.swift */,
				784360DB2A45BA23009962D5 /* RestaurantModel.swift */,
				784360D82A44BB43009962D5 /* HotelModel.swift */,
			);
			path = TravelModels;
			sourceTree = "<group>";
		};
		784360E22A45C663009962D5 /* WeatherModels */ = {
			isa = PBXGroup;
			children = (
				784360E32A45C66F009962D5 /* WeatherModel.swift */,
			);
			path = WeatherModels;
			sourceTree = "<group>";
		};
/* End PBXGroup section */

/* Begin PBXNativeTarget section */
		7843608C2A44A9C8009962D5 /* TravelApp */ = {
			isa = PBXNativeTarget;
			buildConfigurationList = 784360B72A44A9C9009962D5 /* Build configuration list for PBXNativeTarget "TravelApp" */;
			buildPhases = (
				784360892A44A9C8009962D5 /* Sources */,
				7843608A2A44A9C8009962D5 /* Frameworks */,
				7843608B2A44A9C8009962D5 /* Resources */,
			);
			buildRules = (
			);
			dependencies = (
			);
			name = TravelApp;
			productName = TravelApp;
			productReference = 7843608D2A44A9C8009962D5 /* TravelApp.app */;
			productType = "com.apple.product-type.application";
		};
		784360A22A44A9C9009962D5 /* TravelAppTests */ = {
			isa = PBXNativeTarget;
			buildConfigurationList = 784360BA2A44A9C9009962D5 /* Build configuration list for PBXNativeTarget "TravelAppTests" */;
			buildPhases = (
				7843609F2A44A9C9009962D5 /* Sources */,
				784360A02A44A9C9009962D5 /* Frameworks */,
				784360A12A44A9C9009962D5 /* Resources */,
			);
			buildRules = (
			);
			dependencies = (
				784360A52A44A9C9009962D5 /* PBXTargetDependency */,
			);
			name = TravelAppTests;
			productName = TravelAppTests;
			productReference = 784360A32A44A9C9009962D5 /* TravelAppTests.xctest */;
			productType = "com.apple.product-type.bundle.unit-test";
		};
		784360AC2A44A9C9009962D5 /* TravelAppUITests */ = {
			isa = PBXNativeTarget;
			buildConfigurationList = 784360BD2A44A9C9009962D5 /* Build configuration list for PBXNativeTarget "TravelAppUITests" */;
			buildPhases = (
				784360A92A44A9C9009962D5 /* Sources */,
				784360AA2A44A9C9009962D5 /* Frameworks */,
				784360AB2A44A9C9009962D5 /* Resources */,
			);
			buildRules = (
			);
			dependencies = (
				784360AF2A44A9C9009962D5 /* PBXTargetDependency */,
			);
			name = TravelAppUITests;
			productName = TravelAppUITests;
			productReference = 784360AD2A44A9C9009962D5 /* TravelAppUITests.xctest */;
			productType = "com.apple.product-type.bundle.ui-testing";
		};
/* End PBXNativeTarget section */

/* Begin PBXProject section */
		784360852A44A9C8009962D5 /* Project object */ = {
			isa = PBXProject;
			attributes = {
				BuildIndependentTargetsInParallel = 1;
				LastSwiftUpdateCheck = 1430;
				LastUpgradeCheck = 1430;
				TargetAttributes = {
					7843608C2A44A9C8009962D5 = {
						CreatedOnToolsVersion = 14.3.1;
					};
					784360A22A44A9C9009962D5 = {
						CreatedOnToolsVersion = 14.3.1;
						TestTargetID = 7843608C2A44A9C8009962D5;
					};
					784360AC2A44A9C9009962D5 = {
						CreatedOnToolsVersion = 14.3.1;
						TestTargetID = 7843608C2A44A9C8009962D5;
					};
				};
			};
			buildConfigurationList = 784360882A44A9C8009962D5 /* Build configuration list for PBXProject "TravelApp" */;
			compatibilityVersion = "Xcode 14.0";
			developmentRegion = en;
			hasScannedForEncodings = 0;
			knownRegions = (
				en,
				Base,
			);
			mainGroup = 784360842A44A9C8009962D5;
			productRefGroup = 7843608E2A44A9C8009962D5 /* Products */;
			projectDirPath = "";
			projectRoot = "";
			targets = (
				7843608C2A44A9C8009962D5 /* TravelApp */,
				784360A22A44A9C9009962D5 /* TravelAppTests */,
				784360AC2A44A9C9009962D5 /* TravelAppUITests */,
			);
		};
/* End PBXProject section */

/* Begin PBXResourcesBuildPhase section */
		7843608B2A44A9C8009962D5 /* Resources */ = {
			isa = PBXResourcesBuildPhase;
			buildActionMask = 2147483647;
			files = (
				7843609D2A44A9C9009962D5 /* LaunchScreen.storyboard in Resources */,
				7843609A2A44A9C9009962D5 /* Assets.xcassets in Resources */,
			);
			runOnlyForDeploymentPostprocessing = 0;
		};
		784360A12A44A9C9009962D5 /* Resources */ = {
			isa = PBXResourcesBuildPhase;
			buildActionMask = 2147483647;
			files = (
			);
			runOnlyForDeploymentPostprocessing = 0;
		};
		784360AB2A44A9C9009962D5 /* Resources */ = {
			isa = PBXResourcesBuildPhase;
			buildActionMask = 2147483647;
			files = (
			);
			runOnlyForDeploymentPostprocessing = 0;
		};
/* End PBXResourcesBuildPhase section */

/* Begin PBXSourcesBuildPhase section */
		784360892A44A9C8009962D5 /* Sources */ = {
			isa = PBXSourcesBuildPhase;
			buildActionMask = 2147483647;
			files = (
				784360952A44A9C8009962D5 /* ViewController.swift in Sources */,
				784360D92A44BB43009962D5 /* HotelModel.swift in Sources */,
				784360912A44A9C8009962D5 /* AppDelegate.swift in Sources */,
				784360D22A44B368009962D5 /* NetworkService.swift in Sources */,
				784360E42A45C66F009962D5 /* WeatherModel.swift in Sources */,
				784360CF2A44B34A009962D5 /* HTTPMethod.swift in Sources */,
				784360D72A44B6D7009962D5 /* TravelRequest.swift in Sources */,
				784360932A44A9C8009962D5 /* SceneDelegate.swift in Sources */,
				784360CD2A44B33E009962D5 /* ErrorResponse.swift in Sources */,
				784360C92A44B32A009962D5 /* DataRequest.swift in Sources */,
				784360D52A44B49D009962D5 /* APIRequest.swift in Sources */,
				784360DC2A45BA23009962D5 /* RestaurantModel.swift in Sources */,
				784360DE2A45BF1E009962D5 /* AttractionModel.swift in Sources */,
				784360E12A45C60B009962D5 /* WeatherRequest.swift in Sources */,
				784360CB2A44B333009962D5 /* Endpoint.swift in Sources */,
			);
			runOnlyForDeploymentPostprocessing = 0;
		};
		7843609F2A44A9C9009962D5 /* Sources */ = {
			isa = PBXSourcesBuildPhase;
			buildActionMask = 2147483647;
			files = (
				784360A82A44A9C9009962D5 /* TravelAppTests.swift in Sources */,
			);
			runOnlyForDeploymentPostprocessing = 0;
		};
		784360A92A44A9C9009962D5 /* Sources */ = {
			isa = PBXSourcesBuildPhase;
			buildActionMask = 2147483647;
			files = (
				784360B42A44A9C9009962D5 /* TravelAppUITestsLaunchTests.swift in Sources */,
				784360B22A44A9C9009962D5 /* TravelAppUITests.swift in Sources */,
			);
			runOnlyForDeploymentPostprocessing = 0;
		};
/* End PBXSourcesBuildPhase section */

/* Begin PBXTargetDependency section */
		784360A52A44A9C9009962D5 /* PBXTargetDependency */ = {
			isa = PBXTargetDependency;
			target = 7843608C2A44A9C8009962D5 /* TravelApp */;
			targetProxy = 784360A42A44A9C9009962D5 /* PBXContainerItemProxy */;
		};
		784360AF2A44A9C9009962D5 /* PBXTargetDependency */ = {
			isa = PBXTargetDependency;
			target = 7843608C2A44A9C8009962D5 /* TravelApp */;
			targetProxy = 784360AE2A44A9C9009962D5 /* PBXContainerItemProxy */;
		};
/* End PBXTargetDependency section */

/* Begin PBXVariantGroup section */
		7843609B2A44A9C9009962D5 /* LaunchScreen.storyboard */ = {
			isa = PBXVariantGroup;
			children = (
				7843609C2A44A9C9009962D5 /* Base */,
			);
			name = LaunchScreen.storyboard;
			sourceTree = "<group>";
		};
/* End PBXVariantGroup section */

/* Begin XCBuildConfiguration section */
		784360B52A44A9C9009962D5 /* Debug */ = {
			isa = XCBuildConfiguration;
			buildSettings = {
				ALWAYS_SEARCH_USER_PATHS = NO;
				CLANG_ANALYZER_NONNULL = YES;
				CLANG_ANALYZER_NUMBER_OBJECT_CONVERSION = YES_AGGRESSIVE;
				CLANG_CXX_LANGUAGE_STANDARD = "gnu++20";
				CLANG_ENABLE_MODULES = YES;
				CLANG_ENABLE_OBJC_ARC = YES;
				CLANG_ENABLE_OBJC_WEAK = YES;
				CLANG_WARN_BLOCK_CAPTURE_AUTORELEASING = YES;
				CLANG_WARN_BOOL_CONVERSION = YES;
				CLANG_WARN_COMMA = YES;
				CLANG_WARN_CONSTANT_CONVERSION = YES;
				CLANG_WARN_DEPRECATED_OBJC_IMPLEMENTATIONS = YES;
				CLANG_WARN_DIRECT_OBJC_ISA_USAGE = YES_ERROR;
				CLANG_WARN_DOCUMENTATION_COMMENTS = YES;
				CLANG_WARN_EMPTY_BODY = YES;
				CLANG_WARN_ENUM_CONVERSION = YES;
				CLANG_WARN_INFINITE_RECURSION = YES;
				CLANG_WARN_INT_CONVERSION = YES;
				CLANG_WARN_NON_LITERAL_NULL_CONVERSION = YES;
				CLANG_WARN_OBJC_IMPLICIT_RETAIN_SELF = YES;
				CLANG_WARN_OBJC_LITERAL_CONVERSION = YES;
				CLANG_WARN_OBJC_ROOT_CLASS = YES_ERROR;
				CLANG_WARN_QUOTED_INCLUDE_IN_FRAMEWORK_HEADER = YES;
				CLANG_WARN_RANGE_LOOP_ANALYSIS = YES;
				CLANG_WARN_STRICT_PROTOTYPES = YES;
				CLANG_WARN_SUSPICIOUS_MOVE = YES;
				CLANG_WARN_UNGUARDED_AVAILABILITY = YES_AGGRESSIVE;
				CLANG_WARN_UNREACHABLE_CODE = YES;
				CLANG_WARN__DUPLICATE_METHOD_MATCH = YES;
				COPY_PHASE_STRIP = NO;
				DEBUG_INFORMATION_FORMAT = dwarf;
				ENABLE_STRICT_OBJC_MSGSEND = YES;
				ENABLE_TESTABILITY = YES;
				GCC_C_LANGUAGE_STANDARD = gnu11;
				GCC_DYNAMIC_NO_PIC = NO;
				GCC_NO_COMMON_BLOCKS = YES;
				GCC_OPTIMIZATION_LEVEL = 0;
				GCC_PREPROCESSOR_DEFINITIONS = (
					"DEBUG=1",
					"$(inherited)",
				);
				GCC_WARN_64_TO_32_BIT_CONVERSION = YES;
				GCC_WARN_ABOUT_RETURN_TYPE = YES_ERROR;
				GCC_WARN_UNDECLARED_SELECTOR = YES;
				GCC_WARN_UNINITIALIZED_AUTOS = YES_AGGRESSIVE;
				GCC_WARN_UNUSED_FUNCTION = YES;
				GCC_WARN_UNUSED_VARIABLE = YES;
				IPHONEOS_DEPLOYMENT_TARGET = 16.4;
				MTL_ENABLE_DEBUG_INFO = INCLUDE_SOURCE;
				MTL_FAST_MATH = YES;
				ONLY_ACTIVE_ARCH = YES;
				SDKROOT = iphoneos;
				SWIFT_ACTIVE_COMPILATION_CONDITIONS = DEBUG;
				SWIFT_OPTIMIZATION_LEVEL = "-Onone";
			};
			name = Debug;
		};
		784360B62A44A9C9009962D5 /* Release */ = {
			isa = XCBuildConfiguration;
			buildSettings = {
				ALWAYS_SEARCH_USER_PATHS = NO;
				CLANG_ANALYZER_NONNULL = YES;
				CLANG_ANALYZER_NUMBER_OBJECT_CONVERSION = YES_AGGRESSIVE;
				CLANG_CXX_LANGUAGE_STANDARD = "gnu++20";
				CLANG_ENABLE_MODULES = YES;
				CLANG_ENABLE_OBJC_ARC = YES;
				CLANG_ENABLE_OBJC_WEAK = YES;
				CLANG_WARN_BLOCK_CAPTURE_AUTORELEASING = YES;
				CLANG_WARN_BOOL_CONVERSION = YES;
				CLANG_WARN_COMMA = YES;
				CLANG_WARN_CONSTANT_CONVERSION = YES;
				CLANG_WARN_DEPRECATED_OBJC_IMPLEMENTATIONS = YES;
				CLANG_WARN_DIRECT_OBJC_ISA_USAGE = YES_ERROR;
				CLANG_WARN_DOCUMENTATION_COMMENTS = YES;
				CLANG_WARN_EMPTY_BODY = YES;
				CLANG_WARN_ENUM_CONVERSION = YES;
				CLANG_WARN_INFINITE_RECURSION = YES;
				CLANG_WARN_INT_CONVERSION = YES;
				CLANG_WARN_NON_LITERAL_NULL_CONVERSION = YES;
				CLANG_WARN_OBJC_IMPLICIT_RETAIN_SELF = YES;
				CLANG_WARN_OBJC_LITERAL_CONVERSION = YES;
				CLANG_WARN_OBJC_ROOT_CLASS = YES_ERROR;
				CLANG_WARN_QUOTED_INCLUDE_IN_FRAMEWORK_HEADER = YES;
				CLANG_WARN_RANGE_LOOP_ANALYSIS = YES;
				CLANG_WARN_STRICT_PROTOTYPES = YES;
				CLANG_WARN_SUSPICIOUS_MOVE = YES;
				CLANG_WARN_UNGUARDED_AVAILABILITY = YES_AGGRESSIVE;
				CLANG_WARN_UNREACHABLE_CODE = YES;
				CLANG_WARN__DUPLICATE_METHOD_MATCH = YES;
				COPY_PHASE_STRIP = NO;
				DEBUG_INFORMATION_FORMAT = "dwarf-with-dsym";
				ENABLE_NS_ASSERTIONS = NO;
				ENABLE_STRICT_OBJC_MSGSEND = YES;
				GCC_C_LANGUAGE_STANDARD = gnu11;
				GCC_NO_COMMON_BLOCKS = YES;
				GCC_WARN_64_TO_32_BIT_CONVERSION = YES;
				GCC_WARN_ABOUT_RETURN_TYPE = YES_ERROR;
				GCC_WARN_UNDECLARED_SELECTOR = YES;
				GCC_WARN_UNINITIALIZED_AUTOS = YES_AGGRESSIVE;
				GCC_WARN_UNUSED_FUNCTION = YES;
				GCC_WARN_UNUSED_VARIABLE = YES;
				IPHONEOS_DEPLOYMENT_TARGET = 16.4;
				MTL_ENABLE_DEBUG_INFO = NO;
				MTL_FAST_MATH = YES;
				SDKROOT = iphoneos;
				SWIFT_COMPILATION_MODE = wholemodule;
				SWIFT_OPTIMIZATION_LEVEL = "-O";
				VALIDATE_PRODUCT = YES;
			};
			name = Release;
		};
		784360B82A44A9C9009962D5 /* Debug */ = {
			isa = XCBuildConfiguration;
			buildSettings = {
				ASSETCATALOG_COMPILER_APPICON_NAME = AppIcon;
				ASSETCATALOG_COMPILER_GLOBAL_ACCENT_COLOR_NAME = AccentColor;
				CODE_SIGN_STYLE = Automatic;
				CURRENT_PROJECT_VERSION = 1;
				DEVELOPMENT_TEAM = L44A2FFS88;
				GENERATE_INFOPLIST_FILE = YES;
				INFOPLIST_FILE = TravelApp/App/Plists/Info.plist;
				INFOPLIST_KEY_UIApplicationSupportsIndirectInputEvents = YES;
				INFOPLIST_KEY_UILaunchStoryboardName = LaunchScreen;
				INFOPLIST_KEY_UISupportedInterfaceOrientations_iPad = "UIInterfaceOrientationPortrait UIInterfaceOrientationPortraitUpsideDown UIInterfaceOrientationLandscapeLeft UIInterfaceOrientationLandscapeRight";
				INFOPLIST_KEY_UISupportedInterfaceOrientations_iPhone = "UIInterfaceOrientationPortrait UIInterfaceOrientationLandscapeLeft UIInterfaceOrientationLandscapeRight";
				LD_RUNPATH_SEARCH_PATHS = (
					"$(inherited)",
					"@executable_path/Frameworks",
				);
				MARKETING_VERSION = 1.0;
				PRODUCT_BUNDLE_IDENTIFIER = com.my.app.TravelApp;
				PRODUCT_NAME = "$(TARGET_NAME)";
				SUPPORTED_PLATFORMS = "iphoneos iphonesimulator";
				SUPPORTS_MACCATALYST = NO;
				SUPPORTS_MAC_DESIGNED_FOR_IPHONE_IPAD = NO;
				SWIFT_EMIT_LOC_STRINGS = YES;
				SWIFT_VERSION = 5.0;
				TARGETED_DEVICE_FAMILY = 1;
			};
			name = Debug;
		};
		784360B92A44A9C9009962D5 /* Release */ = {
			isa = XCBuildConfiguration;
			buildSettings = {
				ASSETCATALOG_COMPILER_APPICON_NAME = AppIcon;
				ASSETCATALOG_COMPILER_GLOBAL_ACCENT_COLOR_NAME = AccentColor;
				CODE_SIGN_STYLE = Automatic;
				CURRENT_PROJECT_VERSION = 1;
				DEVELOPMENT_TEAM = L44A2FFS88;
				GENERATE_INFOPLIST_FILE = YES;
				INFOPLIST_FILE = TravelApp/App/Plists/Info.plist;
				INFOPLIST_KEY_UIApplicationSupportsIndirectInputEvents = YES;
				INFOPLIST_KEY_UILaunchStoryboardName = LaunchScreen;
				INFOPLIST_KEY_UISupportedInterfaceOrientations_iPad = "UIInterfaceOrientationPortrait UIInterfaceOrientationPortraitUpsideDown UIInterfaceOrientationLandscapeLeft UIInterfaceOrientationLandscapeRight";
				INFOPLIST_KEY_UISupportedInterfaceOrientations_iPhone = "UIInterfaceOrientationPortrait UIInterfaceOrientationLandscapeLeft UIInterfaceOrientationLandscapeRight";
				LD_RUNPATH_SEARCH_PATHS = (
					"$(inherited)",
					"@executable_path/Frameworks",
				);
				MARKETING_VERSION = 1.0;
				PRODUCT_BUNDLE_IDENTIFIER = com.my.app.TravelApp;
				PRODUCT_NAME = "$(TARGET_NAME)";
				SUPPORTED_PLATFORMS = "iphoneos iphonesimulator";
				SUPPORTS_MACCATALYST = NO;
				SUPPORTS_MAC_DESIGNED_FOR_IPHONE_IPAD = NO;
				SWIFT_EMIT_LOC_STRINGS = YES;
				SWIFT_VERSION = 5.0;
				TARGETED_DEVICE_FAMILY = 1;
			};
			name = Release;
		};
		784360BB2A44A9C9009962D5 /* Debug */ = {
			isa = XCBuildConfiguration;
			buildSettings = {
				ALWAYS_EMBED_SWIFT_STANDARD_LIBRARIES = YES;
				BUNDLE_LOADER = "$(TEST_HOST)";
				CODE_SIGN_STYLE = Automatic;
				CURRENT_PROJECT_VERSION = 1;
				DEVELOPMENT_TEAM = L44A2FFS88;
				GENERATE_INFOPLIST_FILE = YES;
				IPHONEOS_DEPLOYMENT_TARGET = 16.4;
				MARKETING_VERSION = 1.0;
				PRODUCT_BUNDLE_IDENTIFIER = com.my.app.TravelAppTests;
				PRODUCT_NAME = "$(TARGET_NAME)";
				SWIFT_EMIT_LOC_STRINGS = NO;
				SWIFT_VERSION = 5.0;
				TARGETED_DEVICE_FAMILY = "1,2";
				TEST_HOST = "$(BUILT_PRODUCTS_DIR)/TravelApp.app/$(BUNDLE_EXECUTABLE_FOLDER_PATH)/TravelApp";
			};
			name = Debug;
		};
		784360BC2A44A9C9009962D5 /* Release */ = {
			isa = XCBuildConfiguration;
			buildSettings = {
				ALWAYS_EMBED_SWIFT_STANDARD_LIBRARIES = YES;
				BUNDLE_LOADER = "$(TEST_HOST)";
				CODE_SIGN_STYLE = Automatic;
				CURRENT_PROJECT_VERSION = 1;
				DEVELOPMENT_TEAM = L44A2FFS88;
				GENERATE_INFOPLIST_FILE = YES;
				IPHONEOS_DEPLOYMENT_TARGET = 16.4;
				MARKETING_VERSION = 1.0;
				PRODUCT_BUNDLE_IDENTIFIER = com.my.app.TravelAppTests;
				PRODUCT_NAME = "$(TARGET_NAME)";
				SWIFT_EMIT_LOC_STRINGS = NO;
				SWIFT_VERSION = 5.0;
				TARGETED_DEVICE_FAMILY = "1,2";
				TEST_HOST = "$(BUILT_PRODUCTS_DIR)/TravelApp.app/$(BUNDLE_EXECUTABLE_FOLDER_PATH)/TravelApp";
			};
			name = Release;
		};
		784360BE2A44A9C9009962D5 /* Debug */ = {
			isa = XCBuildConfiguration;
			buildSettings = {
				ALWAYS_EMBED_SWIFT_STANDARD_LIBRARIES = YES;
				CODE_SIGN_STYLE = Automatic;
				CURRENT_PROJECT_VERSION = 1;
				DEVELOPMENT_TEAM = L44A2FFS88;
				GENERATE_INFOPLIST_FILE = YES;
				MARKETING_VERSION = 1.0;
				PRODUCT_BUNDLE_IDENTIFIER = com.my.app.TravelAppUITests;
				PRODUCT_NAME = "$(TARGET_NAME)";
				SWIFT_EMIT_LOC_STRINGS = NO;
				SWIFT_VERSION = 5.0;
				TARGETED_DEVICE_FAMILY = "1,2";
				TEST_TARGET_NAME = TravelApp;
			};
			name = Debug;
		};
		784360BF2A44A9C9009962D5 /* Release */ = {
			isa = XCBuildConfiguration;
			buildSettings = {
				ALWAYS_EMBED_SWIFT_STANDARD_LIBRARIES = YES;
				CODE_SIGN_STYLE = Automatic;
				CURRENT_PROJECT_VERSION = 1;
				DEVELOPMENT_TEAM = L44A2FFS88;
				GENERATE_INFOPLIST_FILE = YES;
				MARKETING_VERSION = 1.0;
				PRODUCT_BUNDLE_IDENTIFIER = com.my.app.TravelAppUITests;
				PRODUCT_NAME = "$(TARGET_NAME)";
				SWIFT_EMIT_LOC_STRINGS = NO;
				SWIFT_VERSION = 5.0;
				TARGETED_DEVICE_FAMILY = "1,2";
				TEST_TARGET_NAME = TravelApp;
			};
			name = Release;
		};
/* End XCBuildConfiguration section */

/* Begin XCConfigurationList section */
		784360882A44A9C8009962D5 /* Build configuration list for PBXProject "TravelApp" */ = {
			isa = XCConfigurationList;
			buildConfigurations = (
				784360B52A44A9C9009962D5 /* Debug */,
				784360B62A44A9C9009962D5 /* Release */,
			);
			defaultConfigurationIsVisible = 0;
			defaultConfigurationName = Release;
		};
		784360B72A44A9C9009962D5 /* Build configuration list for PBXNativeTarget "TravelApp" */ = {
			isa = XCConfigurationList;
			buildConfigurations = (
				784360B82A44A9C9009962D5 /* Debug */,
				784360B92A44A9C9009962D5 /* Release */,
			);
			defaultConfigurationIsVisible = 0;
			defaultConfigurationName = Release;
		};
		784360BA2A44A9C9009962D5 /* Build configuration list for PBXNativeTarget "TravelAppTests" */ = {
			isa = XCConfigurationList;
			buildConfigurations = (
				784360BB2A44A9C9009962D5 /* Debug */,
				784360BC2A44A9C9009962D5 /* Release */,
			);
			defaultConfigurationIsVisible = 0;
			defaultConfigurationName = Release;
		};
		784360BD2A44A9C9009962D5 /* Build configuration list for PBXNativeTarget "TravelAppUITests" */ = {
			isa = XCConfigurationList;
			buildConfigurations = (
				784360BE2A44A9C9009962D5 /* Debug */,
				784360BF2A44A9C9009962D5 /* Release */,
			);
			defaultConfigurationIsVisible = 0;
			defaultConfigurationName = Release;
		};
/* End XCConfigurationList section */
	};
	rootObject = 784360852A44A9C8009962D5 /* Project object */;
}
